// !$*UTF8*$!
{
	archiveVersion = 1;
	classes = {
	};
	objectVersion = 46;
	objects = {

/* Begin PBXBuildFile section */
		F27AF05F1DA42C5F00E20094 /* main.cpp in Sources */ = {isa = PBXBuildFile; fileRef = F27AF05E1DA42C5F00E20094 /* main.cpp */; };
		F27AF0661DA42C7500E20094 /* OpenGL.framework in Frameworks */ = {isa = PBXBuildFile; fileRef = F27AF0651DA42C7500E20094 /* OpenGL.framework */; };
		F27AF0681DA42C7900E20094 /* GLUT.framework in Frameworks */ = {isa = PBXBuildFile; fileRef = F27AF0671DA42C7900E20094 /* GLUT.framework */; };
		F28BFC441DAA1A1E00F84AA7 /* GLKit.framework in Frameworks */ = {isa = PBXBuildFile; fileRef = F28BFC431DAA1A1E00F84AA7 /* GLKit.framework */; };
		F28BFC461DAA1AF700F84AA7 /* libglfw3.3.2.dylib in Frameworks */ = {isa = PBXBuildFile; fileRef = F28BFC451DAA1AF700F84AA7 /* libglfw3.3.2.dylib */; };
		F28BFC481DAA1B2900F84AA7 /* libGLEW.1.11.0.dylib in Frameworks */ = {isa = PBXBuildFile; fileRef = F28BFC471DAA1B2900F84AA7 /* libGLEW.1.11.0.dylib */; };
/* End PBXBuildFile section */

/* Begin PBXCopyFilesBuildPhase section */
		F27AF0591DA42C5F00E20094 /* CopyFiles */ = {
			isa = PBXCopyFilesBuildPhase;
			buildActionMask = 8;
			dstPath = "";
			dstSubfolderSpec = 16;
			files = (
			);
			runOnlyForDeploymentPostprocessing = 1;
		};
/* End PBXCopyFilesBuildPhase section */

/* Begin PBXFileReference section */
		F27AF05B1DA42C5F00E20094 /* OpenGL_light */ = {isa = PBXFileReference; explicitFileType = "compiled.mach-o.executable"; includeInIndex = 0; path = OpenGL_light; sourceTree = BUILT_PRODUCTS_DIR; };
		F27AF05E1DA42C5F00E20094 /* main.cpp */ = {isa = PBXFileReference; lastKnownFileType = sourcecode.cpp.cpp; path = main.cpp; sourceTree = "<group>"; };
		F27AF0651DA42C7500E20094 /* OpenGL.framework */ = {isa = PBXFileReference; lastKnownFileType = wrapper.framework; name = OpenGL.framework; path = System/Library/Frameworks/OpenGL.framework; sourceTree = SDKROOT; };
		F27AF0671DA42C7900E20094 /* GLUT.framework */ = {isa = PBXFileReference; lastKnownFileType = wrapper.framework; name = GLUT.framework; path = System/Library/Frameworks/GLUT.framework; sourceTree = SDKROOT; };
		F28BFC431DAA1A1E00F84AA7 /* GLKit.framework */ = {isa = PBXFileReference; lastKnownFileType = wrapper.framework; name = GLKit.framework; path = System/Library/Frameworks/GLKit.framework; sourceTree = SDKROOT; };
		F28BFC451DAA1AF700F84AA7 /* libglfw3.3.2.dylib */ = {isa = PBXFileReference; lastKnownFileType = "compiled.mach-o.dylib"; name = libglfw3.3.2.dylib; path = ../../../../../usr/local/Cellar/glfw3/3.2.1/lib/libglfw3.3.2.dylib; sourceTree = "<group>"; };
		F28BFC471DAA1B2900F84AA7 /* libGLEW.1.11.0.dylib */ = {isa = PBXFileReference; lastKnownFileType = "compiled.mach-o.dylib"; name = libGLEW.1.11.0.dylib; path = ../../../../../usr/local/Cellar/glew/1.11.0/lib/libGLEW.1.11.0.dylib; sourceTree = "<group>"; };
		F28BFC4D1DAA1CD000F84AA7 /* Camera.h */ = {isa = PBXFileReference; fileEncoding = 4; lastKnownFileType = sourcecode.c.h; path = Camera.h; sourceTree = "<group>"; };
		F28BFC4E1DAA1D4300F84AA7 /* Shader.h */ = {isa = PBXFileReference; fileEncoding = 4; lastKnownFileType = sourcecode.c.h; path = Shader.h; sourceTree = "<group>"; };
		F28BFC4F1DAA1D4300F84AA7 /* main.h */ = {isa = PBXFileReference; fileEncoding = 4; lastKnownFileType = sourcecode.c.h; path = main.h; sourceTree = "<group>"; };
/* End PBXFileReference section */

/* Begin PBXFrameworksBuildPhase section */
		F27AF0581DA42C5F00E20094 /* Frameworks */ = {
			isa = PBXFrameworksBuildPhase;
			buildActionMask = 2147483647;
			files = (
				F28BFC481DAA1B2900F84AA7 /* libGLEW.1.11.0.dylib in Frameworks */,
				F28BFC461DAA1AF700F84AA7 /* libglfw3.3.2.dylib in Frameworks */,
				F28BFC441DAA1A1E00F84AA7 /* GLKit.framework in Frameworks */,
				F27AF0681DA42C7900E20094 /* GLUT.framework in Frameworks */,
				F27AF0661DA42C7500E20094 /* OpenGL.framework in Frameworks */,
			);
			runOnlyForDeploymentPostprocessing = 0;
		};
/* End PBXFrameworksBuildPhase section */

/* Begin PBXGroup section */
		F27AF0521DA42C5F00E20094 = {
			isa = PBXGroup;
			children = (
				F28BFC471DAA1B2900F84AA7 /* libGLEW.1.11.0.dylib */,
				F28BFC451DAA1AF700F84AA7 /* libglfw3.3.2.dylib */,
				F28BFC431DAA1A1E00F84AA7 /* GLKit.framework */,
				F27AF0671DA42C7900E20094 /* GLUT.framework */,
				F27AF0651DA42C7500E20094 /* OpenGL.framework */,
				F27AF05D1DA42C5F00E20094 /* OpenGL_light */,
				F27AF05C1DA42C5F00E20094 /* Products */,
			);
			sourceTree = "<group>";
		};
		F27AF05C1DA42C5F00E20094 /* Products */ = {
			isa = PBXGroup;
			children = (
				F27AF05B1DA42C5F00E20094 /* OpenGL_light */,
			);
			name = Products;
			sourceTree = "<group>";
		};
		F27AF05D1DA42C5F00E20094 /* OpenGL_light */ = {
			isa = PBXGroup;
			children = (
				F28BFC511DAA1D5E00F84AA7 /* Headers */,
				F27AF05E1DA42C5F00E20094 /* main.cpp */,
			);
			path = OpenGL_light;
			sourceTree = "<group>";
		};
		F28BFC511DAA1D5E00F84AA7 /* Headers */ = {
			isa = PBXGroup;
			children = (
				F28BFC4D1DAA1CD000F84AA7 /* Camera.h */,
				F28BFC4E1DAA1D4300F84AA7 /* Shader.h */,
				F28BFC4F1DAA1D4300F84AA7 /* main.h */,
			);
			name = Headers;
			sourceTree = "<group>";
		};
/* End PBXGroup section */

/* Begin PBXNativeTarget section */
		F27AF05A1DA42C5F00E20094 /* OpenGL_light */ = {
			isa = PBXNativeTarget;
			buildConfigurationList = F27AF0621DA42C5F00E20094 /* Build configuration list for PBXNativeTarget "OpenGL_light" */;
			buildPhases = (
				F27AF0571DA42C5F00E20094 /* Sources */,
				F27AF0581DA42C5F00E20094 /* Frameworks */,
				F27AF0591DA42C5F00E20094 /* CopyFiles */,
				F2FD43D31DAA28CE0038319C /* Resources */,
			);
			buildRules = (
			);
			dependencies = (
			);
			name = OpenGL_light;
			productName = OpenGL_light;
			productReference = F27AF05B1DA42C5F00E20094 /* OpenGL_light */;
			productType = "com.apple.product-type.tool";
		};
/* End PBXNativeTarget section */

/* Begin PBXProject section */
		F27AF0531DA42C5F00E20094 /* Project object */ = {
			isa = PBXProject;
			attributes = {
				LastUpgradeCheck = 0730;
				ORGANIZATIONNAME = "Chuanheng He";
				TargetAttributes = {
					F27AF05A1DA42C5F00E20094 = {
						CreatedOnToolsVersion = 7.3.1;
					};
				};
			};
			buildConfigurationList = F27AF0561DA42C5F00E20094 /* Build configuration list for PBXProject "OpenGL_light" */;
			compatibilityVersion = "Xcode 3.2";
			developmentRegion = English;
			hasScannedForEncodings = 0;
			knownRegions = (
				en,
			);
			mainGroup = F27AF0521DA42C5F00E20094;
			productRefGroup = F27AF05C1DA42C5F00E20094 /* Products */;
			projectDirPath = "";
			projectRoot = "";
			targets = (
				F27AF05A1DA42C5F00E20094 /* OpenGL_light */,
			);
		};
/* End PBXProject section */

/* Begin PBXResourcesBuildPhase section */
		F2FD43D31DAA28CE0038319C /* Resources */ = {
			isa = PBXResourcesBuildPhase;
			buildActionMask = 2147483647;
			files = (
			);
			runOnlyForDeploymentPostprocessing = 0;
		};
/* End PBXResourcesBuildPhase section */

/* Begin PBXSourcesBuildPhase section */
		F27AF0571DA42C5F00E20094 /* Sources */ = {
			isa = PBXSourcesBuildPhase;
			buildActionMask = 2147483647;
			files = (
				F27AF05F1DA42C5F00E20094 /* main.cpp in Sources */,
			);
			runOnlyForDeploymentPostprocessing = 0;
		};
/* End PBXSourcesBuildPhase section */

/* Begin XCBuildConfiguration section */
		F27AF0601DA42C5F00E20094 /* Debug */ = {
			isa = XCBuildConfiguration;
			buildSettings = {
				ALWAYS_SEARCH_USER_PATHS = NO;
				CLANG_ANALYZER_NONNULL = YES;
				CLANG_CXX_LANGUAGE_STANDARD = "gnu++0x";
				CLANG_CXX_LIBRARY = "libc++";
				CLANG_ENABLE_MODULES = YES;
				CLANG_ENABLE_OBJC_ARC = YES;
				CLANG_WARN_BOOL_CONVERSION = YES;
				CLANG_WARN_CONSTANT_CONVERSION = YES;
				CLANG_WARN_DIRECT_OBJC_ISA_USAGE = YES_ERROR;
				CLANG_WARN_EMPTY_BODY = YES;
				CLANG_WARN_ENUM_CONVERSION = YES;
				CLANG_WARN_INT_CONVERSION = YES;
				CLANG_WARN_OBJC_ROOT_CLASS = YES_ERROR;
				CLANG_WARN_UNREACHABLE_CODE = YES;
				CLANG_WARN__DUPLICATE_METHOD_MATCH = YES;
				CODE_SIGN_IDENTITY = "-";
				COPY_PHASE_STRIP = NO;
				DEBUG_INFORMATION_FORMAT = dwarf;
				ENABLE_STRICT_OBJC_MSGSEND = YES;
				ENABLE_TESTABILITY = YES;
				GCC_C_LANGUAGE_STANDARD = gnu99;
				GCC_DYNAMIC_NO_PIC = NO;
				GCC_NO_COMMON_BLOCKS = YES;
				GCC_OPTIMIZATION_LEVEL = 0;
				GCC_PREPROCESSOR_DEFINITIONS = (
					"DEBUG=1",
					"$(inherited)",
				);
				GCC_WARN_64_TO_32_BIT_CONVERSION = YES;
				GCC_WARN_ABOUT_RETURN_TYPE = YES_ERROR;
				GCC_WARN_UNDECLARED_SELECTOR = YES;
				GCC_WARN_UNINITIALIZED_AUTOS = YES_AGGRESSIVE;
				GCC_WARN_UNUSED_FUNCTION = YES;
				GCC_WARN_UNUSED_VARIABLE = YES;
				MACOSX_DEPLOYMENT_TARGET = 10.11;
				MTL_ENABLE_DEBUG_INFO = YES;
				ONLY_ACTIVE_ARCH = YES;
				SDKROOT = macosx;
			};
			name = Debug;
		};
		F27AF0611DA42C5F00E20094 /* Release */ = {
			isa = XCBuildConfiguration;
			buildSettings = {
				ALWAYS_SEARCH_USER_PATHS = NO;
				CLANG_ANALYZER_NONNULL = YES;
				CLANG_CXX_LANGUAGE_STANDARD = "gnu++0x";
				CLANG_CXX_LIBRARY = "libc++";
				CLANG_ENABLE_MODULES = YES;
				CLANG_ENABLE_OBJC_ARC = YES;
				CLANG_WARN_BOOL_CONVERSION = YES;
				CLANG_WARN_CONSTANT_CONVERSION = YES;
				CLANG_WARN_DIRECT_OBJC_ISA_USAGE = YES_ERROR;
				CLANG_WARN_EMPTY_BODY = YES;
				CLANG_WARN_ENUM_CONVERSION = YES;
				CLANG_WARN_INT_CONVERSION = YES;
				CLANG_WARN_OBJC_ROOT_CLASS = YES_ERROR;
				CLANG_WARN_UNREACHABLE_CODE = YES;
				CLANG_WARN__DUPLICATE_METHOD_MATCH = YES;
				CODE_SIGN_IDENTITY = "-";
				COPY_PHASE_STRIP = NO;
				DEBUG_INFORMATION_FORMAT = "dwarf-with-dsym";
				ENABLE_NS_ASSERTIONS = NO;
				ENABLE_STRICT_OBJC_MSGSEND = YES;
				GCC_C_LANGUAGE_STANDARD = gnu99;
				GCC_NO_COMMON_BLOCKS = YES;
				GCC_WARN_64_TO_32_BIT_CONVERSION = YES;
				GCC_WARN_ABOUT_RETURN_TYPE = YES_ERROR;
				GCC_WARN_UNDECLARED_SELECTOR = YES;
				GCC_WARN_UNINITIALIZED_AUTOS = YES_AGGRESSIVE;
				GCC_WARN_UNUSED_FUNCTION = YES;
				GCC_WARN_UNUSED_VARIABLE = YES;
				MACOSX_DEPLOYMENT_TARGET = 10.11;
				MTL_ENABLE_DEBUG_INFO = NO;
				SDKROOT = macosx;
			};
			name = Release;
		};
		F27AF0631DA42C5F00E20094 /* Debug */ = {
			isa = XCBuildConfiguration;
			buildSettings = {
				HEADER_SEARCH_PATHS = /usr/local/include;
				LIBRARY_SEARCH_PATHS = (
					"$(inherited)",
					/usr/local/Cellar/glfw3/3.2.1/lib,
					/usr/local/Cellar/glew/1.11.0/lib,
					/usr/local/lib,
				);
				PRODUCT_NAME = "$(TARGET_NAME)";
			};
			name = Debug;
		};
		F27AF0641DA42C5F00E20094 /* Release */ = {
			isa = XCBuildConfiguration;
			buildSettings = {
				HEADER_SEARCH_PATHS = /usr/local/include;
				LIBRARY_SEARCH_PATHS = (
					"$(inherited)",
					/usr/local/Cellar/glfw3/3.2.1/lib,
					/usr/local/Cellar/glew/1.11.0/lib,
					/usr/local/lib,
				);
				PRODUCT_NAME = "$(TARGET_NAME)";
			};
			name = Release;
		};
/* End XCBuildConfiguration section */

/* Begin XCConfigurationList section */
		F27AF0561DA42C5F00E20094 /* Build configuration list for PBXProject "OpenGL_light" */ = {
			isa = XCConfigurationList;
			buildConfigurations = (
				F27AF0601DA42C5F00E20094 /* Debug */,
				F27AF0611DA42C5F00E20094 /* Release */,
			);
			defaultConfigurationIsVisible = 0;
			defaultConfigurationName = Release;
		};
		F27AF0621DA42C5F00E20094 /* Build configuration list for PBXNativeTarget "OpenGL_light" */ = {
			isa = XCConfigurationList;
			buildConfigurations = (
				F27AF0631DA42C5F00E20094 /* Debug */,
				F27AF0641DA42C5F00E20094 /* Release */,
			);
			defaultConfigurationIsVisible = 0;
			defaultConfigurationName = Release;
		};
/* End XCConfigurationList section */
	};
	rootObject = F27AF0531DA42C5F00E20094 /* Project object */;
}
